<?xml version="1.0" encoding="utf-8"?>
<Project ToolsVersion="4.0" xmlns="http://schemas.microsoft.com/developer/msbuild/2003">
  <ItemGroup>
    <Filter Include="Source Files">
      <UniqueIdentifier>{4FC737F1-C7A5-4376-A066-2A32D752A2FF}</UniqueIdentifier>
      <Extensions>cpp;c;cc;cxx;c++;cppm;ixx;def;odl;idl;hpj;bat;asm;asmx</Extensions>
    </Filter>
    <Filter Include="Header Files">
      <UniqueIdentifier>{93995380-89BD-4b04-88EB-625FBE52EBFB}</UniqueIdentifier>
      <Extensions>h;hh;hpp;hxx;h++;hm;inl;inc;ipp;xsd</Extensions>
    </Filter>
    <Filter Include="Resource Files">
      <UniqueIdentifier>{67DA6AB6-F800-4c08-8B7A-83BB121AAD01}</UniqueIdentifier>
      <Extensions>rc;ico;cur;bmp;dlg;rc2;rct;bin;rgs;gif;jpg;jpeg;jpe;resx;tiff;tif;png;wav;mfcribbon-ms</Extensions>
    </Filter>
    <Filter Include="Header Files\Graph">
      <UniqueIdentifier>{79a82409-cc3a-4ca9-9d3f-e85e6855ddb1}</UniqueIdentifier>
    </Filter>
    <Filter Include="Header Files\IO">
      <UniqueIdentifier>{0725aaa1-8337-4640-a18e-d2df7e2b9299}</UniqueIdentifier>
    </Filter>
    <Filter Include="Header Files\Collections">
      <UniqueIdentifier>{610f0e83-85c9-497d-8d9c-03e98e61419c}</UniqueIdentifier>
    </Filter>
    <Filter Include="Source Files\IO">
      <UniqueIdentifier>{4e65cbaa-a165-45b9-afea-797f6be5fae7}</UniqueIdentifier>
    </Filter>
    <Filter Include="Source Files\Graph">
      <UniqueIdentifier>{0330619f-8196-44a4-bc67-7ac7db0ba257}</UniqueIdentifier>
    </Filter>
  </ItemGroup>
  <ItemGroup>
    <ClCompile Include="main.cpp">
      <Filter>Source Files</Filter>
    </ClCompile>
    <ClCompile Include="src\Graph.cpp">
      <Filter>Source Files\Graph</Filter>
    </ClCompile>
    <ClCompile Include="src\Graph2DArray.cpp">
      <Filter>Source Files\Graph</Filter>
    </ClCompile>
    <ClCompile Include="src\GraphLinkedList.cpp">
      <Filter>Source Files\Graph</Filter>
    </ClCompile>
    <ClCompile Include="src\File.cpp">
      <Filter>Source Files\IO</Filter>
    </ClCompile>
  </ItemGroup>
  <ItemGroup>
    <ClInclude Include="inc\DynamicArray.h">
      <Filter>Header Files\Collections</Filter>
    </ClInclude>
    <ClInclude Include="inc\LinkedList.h">
      <Filter>Header Files\Collections</Filter>
    </ClInclude>
    <ClInclude Include="inc\File.h">
      <Filter>Header Files\IO</Filter>
    </ClInclude>
    <ClInclude Include="inc\Graph.h">
      <Filter>Header Files\Graph</Filter>
    </ClInclude>
    <ClInclude Include="inc\Graph2DArray.h">
      <Filter>Header Files\Graph</Filter>
    </ClInclude>
    <ClInclude Include="inc\GraphLinkedList.h">
      <Filter>Header Files\Graph</Filter>
    </ClInclude>
    <ClInclude Include="inc\Queue.h">
      <Filter>Header Files\Collections</Filter>
    </ClInclude>
    <ClInclude Include="inc\Set.h">
      <Filter>Header Files\Collections</Filter>
    </ClInclude>
  </ItemGroup>
</Project>